
Microsoft Visual Studio Solution File, Format Version 12.00
# Visual Studio Version 17
VisualStudioVersion = 17.11.35312.102
MinimumVisualStudioVersion = 10.0.40219.1
Project("{FAE04EC0-301F-11D3-BF4B-00C04F79EFBC}") = "W2_EndTasks", "W2_EndTasks\W2_EndTasks.csproj", "{6719922E-F2EB-4A97-A38A-7876B2B08EBC}"
EndProject
Global
	GlobalSection(SolutionConfigurationPlatforms) = preSolution
		Debug|Any CPU = Debug|Any CPU
		Release|Any CPU = Release|Any CPU
	EndGlobalSection
	GlobalSection(ProjectConfigurationPlatforms) = postSolution
		{6719922E-F2EB-4A97-A38A-7876B2B08EBC}.Debug|Any CPU.ActiveCfg = Debug|Any CPU
		{6719922E-F2EB-4A97-A38A-7876B2B08EBC}.Debug|Any CPU.Build.0 = Debug|Any CPU
		{6719922E-F2EB-4A97-A38A-7876B2B08EBC}.Release|Any CPU.ActiveCfg = Release|Any CPU
		{6719922E-F2EB-4A97-A38A-7876B2B08EBC}.Release|Any CPU.Build.0 = Release|Any CPU
	EndGlobalSection
	GlobalSection(SolutionProperties) = preSolution
		HideSolutionNode = FALSE
	EndGlobalSection
	GlobalSection(ExtensibilityGlobals) = postSolution
		SolutionGuid = {DB200B4C-C919-415A-B219-3C636790049F}
	EndGlobalSection
EndGlobal
